Microsoft Visual Studio Solution File, Format Version 12.00
# Visual Studio Version 17
VisualStudioVersion = 17.0.31903.59
MinimumVisualStudioVersion = 10.0.40219.1
Project("{FAE04EC0-301F-11D3-BF4B-00C04F79EFBC}") = "azure-functions-mcp", "src\azure-functions-mcp.csproj", "{F92F12A0-E73A-4B6D-8F10-A87B2D1C1910}"
EndProject
Project("{FAE04EC0-301F-11D3-BF4B-00C04F79EFBC}") = "azure-functions-mcp.Tests", "test\azure-functions-mcp.Tests.csproj", "{C9B24A2A-73C4-4F66-A0A6-688E13AA5D61}"
EndProject
Global
	GlobalSection(SolutionConfigurationPlatforms) = preSolution
		Debug|Any CPU = Debug|Any CPU
		Release|Any CPU = Release|Any CPU
	EndGlobalSection
	GlobalSection(SolutionProperties) = preSolution
		HideSolutionNode = FALSE
	EndGlobalSection
	GlobalSection(ProjectConfigurationPlatforms) = postSolution
		{F92F12A0-E73A-4B6D-8F10-A87B2D1C1910}.Debug|Any CPU.ActiveCfg = Debug|Any CPU
		{F92F12A0-E73A-4B6D-8F10-A87B2D1C1910}.Debug|Any CPU.Build.0 = Debug|Any CPU
		{F92F12A0-E73A-4B6D-8F10-A87B2D1C1910}.Release|Any CPU.ActiveCfg = Release|Any CPU
		{F92F12A0-E73A-4B6D-8F10-A87B2D1C1910}.Release|Any CPU.Build.0 = Release|Any CPU
		{C9B24A2A-73C4-4F66-A0A6-688E13AA5D61}.Debug|Any CPU.ActiveCfg = Debug|Any CPU
		{C9B24A2A-73C4-4F66-A0A6-688E13AA5D61}.Debug|Any CPU.Build.0 = Debug|Any CPU
		{C9B24A2A-73C4-4F66-A0A6-688E13AA5D61}.Release|Any CPU.ActiveCfg = Release|Any CPU
		{C9B24A2A-73C4-4F66-A0A6-688E13AA5D61}.Release|Any CPU.Build.0 = Release|Any CPU
	EndGlobalSection
EndGlobal